
Microsoft Visual Studio Solution File, Format Version 12.00
# Visual Studio Version 17
VisualStudioVersion = 17.2.32505.173
MinimumVisualStudioVersion = 10.0.40219.1
Project("{FAE04EC0-301F-11D3-BF4B-00C04F79EFBC}") = "parcial", "parcial\parcial.csproj", "{DF29F318-2750-4033-97DA-0775500D1BCC}"
EndProject
Global
	GlobalSection(SolutionConfigurationPlatforms) = preSolution
		Debug|Any CPU = Debug|Any CPU
		Release|Any CPU = Release|Any CPU
	EndGlobalSection
	GlobalSection(ProjectConfigurationPlatforms) = postSolution
		{DF29F318-2750-4033-97DA-0775500D1BCC}.Debug|Any CPU.ActiveCfg = Debug|Any CPU
		{DF29F318-2750-4033-97DA-0775500D1BCC}.Debug|Any CPU.Build.0 = Debug|Any CPU
		{DF29F318-2750-4033-97DA-0775500D1BCC}.Release|Any CPU.ActiveCfg = Release|Any CPU
		{DF29F318-2750-4033-97DA-0775500D1BCC}.Release|Any CPU.Build.0 = Release|Any CPU
	EndGlobalSection
	GlobalSection(SolutionProperties) = preSolution
		HideSolutionNode = FALSE
	EndGlobalSection
	GlobalSection(ExtensibilityGlobals) = postSolution
		SolutionGuid = {4E755A8F-2059-42BA-8756-6F9717053D59}
	EndGlobalSection
EndGlobal
